{
  "nodes": {
    "nixpkgs": {
      "locked": {
        "lastModified": 1670543317,
        "narHash": "sha256-4mMR56rtxKr+Gwz399jFr4i76SQZxsLWxxyfQlPXRm0=",
        "owner": "nixos",
        "repo": "nixpkgs",
        "rev": "7a6a010c3a1d00f8470a5ca888f2f927f1860a19",
        "type": "github"
      },
      "original": {
        "owner": "nixos",
        "ref": "nixos-22.11",
        "repo": "nixpkgs",
        "type": "github"
      }
    },
    "root": {
      "inputs": {
        "nixpkgs": "nixpkgs",
        "utils": "utils",
        "yarnpnp2nix": "yarnpnp2nix"
      }
    },
    "utils": {
      "locked": {
        "lastModified": 1667395993,
        "narHash": "sha256-nuEHfE/LcWyuSWnS8t12N1wc105Qtau+/OdUAjtQ0rA=",
        "owner": "numtide",
        "repo": "flake-utils",
        "rev": "5aed5285a952e0b949eb3ba02c12fa4fcfef535f",
        "type": "github"
      },
      "original": {
        "owner": "numtide",
        "repo": "flake-utils",
        "type": "github"
      }
    },
    "yarnpnp2nix": {
      "inputs": {
        "nixpkgs": [
          "nixpkgs"
        ],
        "utils": [
          "utils"
        ]
      },
      "locked": {
        "lastModified": 1668190675,
        "narHash": "sha256-Mg5JWGkGYIJMX+gce/tTt/IOx2+IcoOarKD+MC7kzGo=",
        "owner": "madjam002",
        "repo": "yarnpnp2nix",
        "rev": "d3e33b12216a7450b0952c4841b57a1953a6ccf7",
        "type": "github"
      },
      "original": {
        "owner": "madjam002",
        "repo": "yarnpnp2nix",
        "type": "github"
      }
    }
  },
  "root": "root",
  "version": 7
}
