# This file is generated by running "yarn install" inside your project.
# Manual changes might be lost - proceed with caution!

__metadata:
  version: 7
  cacheKey: 9

"@babel/runtime@npm:^7.6.3, @babel/runtime@npm:^7.9.2":
  version: 7.20.6
  resolution: "@babel/runtime@npm:7.20.6"
  dependencies:
    regenerator-runtime: "npm:^0.13.11"
  checksum: 78950a4a005ede7d262fd678764fe0aaa202d517a5f024800dcbcf15065a7dee6f628de764c1f6ccefc82efa4d6bb17ff9b1eb13c00d8b7f618cea08a45816fa
  languageName: node
  linkType: hard

"@esbuild/android-arm64@npm:0.16.3":
  version: 0.16.3
  resolution: "@esbuild/android-arm64@npm:0.16.3"
  conditions: os=android & cpu=arm64
  languageName: node
  linkType: hard

"@esbuild/android-arm@npm:0.16.3":
  version: 0.16.3
  resolution: "@esbuild/android-arm@npm:0.16.3"
  conditions: os=android & cpu=arm
  languageName: node
  linkType: hard

"@esbuild/android-x64@npm:0.16.3":
  version: 0.16.3
  resolution: "@esbuild/android-x64@npm:0.16.3"
  conditions: os=android & cpu=x64
  languageName: node
  linkType: hard

"@esbuild/darwin-arm64@npm:0.16.3":
  version: 0.16.3
  resolution: "@esbuild/darwin-arm64@npm:0.16.3"
  conditions: os=darwin & cpu=arm64
  languageName: node
  linkType: hard

"@esbuild/darwin-x64@npm:0.16.3":
  version: 0.16.3
  resolution: "@esbuild/darwin-x64@npm:0.16.3"
  conditions: os=darwin & cpu=x64
  languageName: node
  linkType: hard

"@esbuild/freebsd-arm64@npm:0.16.3":
  version: 0.16.3
  resolution: "@esbuild/freebsd-arm64@npm:0.16.3"
  conditions: os=freebsd & cpu=arm64
  languageName: node
  linkType: hard

"@esbuild/freebsd-x64@npm:0.16.3":
  version: 0.16.3
  resolution: "@esbuild/freebsd-x64@npm:0.16.3"
  conditions: os=freebsd & cpu=x64
  languageName: node
  linkType: hard

"@esbuild/linux-arm64@npm:0.16.3":
  version: 0.16.3
  resolution: "@esbuild/linux-arm64@npm:0.16.3"
  conditions: os=linux & cpu=arm64
  languageName: node
  linkType: hard

"@esbuild/linux-arm@npm:0.16.3":
  version: 0.16.3
  resolution: "@esbuild/linux-arm@npm:0.16.3"
  conditions: os=linux & cpu=arm
  languageName: node
  linkType: hard

"@esbuild/linux-ia32@npm:0.16.3":
  version: 0.16.3
  resolution: "@esbuild/linux-ia32@npm:0.16.3"
  conditions: os=linux & cpu=ia32
  languageName: node
  linkType: hard

"@esbuild/linux-loong64@npm:0.16.3":
  version: 0.16.3
  resolution: "@esbuild/linux-loong64@npm:0.16.3"
  conditions: os=linux & cpu=loong64
  languageName: node
  linkType: hard

"@esbuild/linux-mips64el@npm:0.16.3":
  version: 0.16.3
  resolution: "@esbuild/linux-mips64el@npm:0.16.3"
  conditions: os=linux & cpu=mips64el
  languageName: node
  linkType: hard

"@esbuild/linux-ppc64@npm:0.16.3":
  version: 0.16.3
  resolution: "@esbuild/linux-ppc64@npm:0.16.3"
  conditions: os=linux & cpu=ppc64
  languageName: node
  linkType: hard

"@esbuild/linux-riscv64@npm:0.16.3":
  version: 0.16.3
  resolution: "@esbuild/linux-riscv64@npm:0.16.3"
  conditions: os=linux & cpu=riscv64
  languageName: node
  linkType: hard

"@esbuild/linux-s390x@npm:0.16.3":
  version: 0.16.3
  resolution: "@esbuild/linux-s390x@npm:0.16.3"
  conditions: os=linux & cpu=s390x
  languageName: node
  linkType: hard

"@esbuild/linux-x64@npm:0.16.3":
  version: 0.16.3
  resolution: "@esbuild/linux-x64@npm:0.16.3"
  conditions: os=linux & cpu=x64
  languageName: node
  linkType: hard

"@esbuild/netbsd-x64@npm:0.16.3":
  version: 0.16.3
  resolution: "@esbuild/netbsd-x64@npm:0.16.3"
  conditions: os=netbsd & cpu=x64
  languageName: node
  linkType: hard

"@esbuild/openbsd-x64@npm:0.16.3":
  version: 0.16.3
  resolution: "@esbuild/openbsd-x64@npm:0.16.3"
  conditions: os=openbsd & cpu=x64
  languageName: node
  linkType: hard

"@esbuild/sunos-x64@npm:0.16.3":
  version: 0.16.3
  resolution: "@esbuild/sunos-x64@npm:0.16.3"
  conditions: os=sunos & cpu=x64
  languageName: node
  linkType: hard

"@esbuild/win32-arm64@npm:0.16.3":
  version: 0.16.3
  resolution: "@esbuild/win32-arm64@npm:0.16.3"
  conditions: os=win32 & cpu=arm64
  languageName: node
  linkType: hard

"@esbuild/win32-ia32@npm:0.16.3":
  version: 0.16.3
  resolution: "@esbuild/win32-ia32@npm:0.16.3"
  conditions: os=win32 & cpu=ia32
  languageName: node
  linkType: hard

"@esbuild/win32-x64@npm:0.16.3":
  version: 0.16.3
  resolution: "@esbuild/win32-x64@npm:0.16.3"
  conditions: os=win32 & cpu=x64
  languageName: node
  linkType: hard

"@redux-saga/core@npm:^1.2.1":
  version: 1.2.1
  resolution: "@redux-saga/core@npm:1.2.1"
  dependencies:
    "@babel/runtime": "npm:^7.6.3"
    "@redux-saga/deferred": "npm:^1.2.1"
    "@redux-saga/delay-p": "npm:^1.2.1"
    "@redux-saga/is": "npm:^1.1.3"
    "@redux-saga/symbols": "npm:^1.1.3"
    "@redux-saga/types": "npm:^1.2.1"
    redux: "npm:^4.0.4"
    typescript-tuple: "npm:^2.2.1"
  checksum: 6da1c29ce88c75df4df9f39cc08d6d715b625e098662693e40e907407bf30fedb5a83fb502a2315df705b417f79f1be7000c56bec057bc65c89f0159510a49e2
  languageName: node
  linkType: hard

"@redux-saga/deferred@npm:^1.2.1":
  version: 1.2.1
  resolution: "@redux-saga/deferred@npm:1.2.1"
  checksum: efc2e19f5e551169d01572bac5089b76d14c939e8ccf9e4dfe6130092b72e9ac2e5b9691d03dc1fddd07fda14e0129f8a6cac3d09176aa90b928a7d35e69ab31
  languageName: node
  linkType: hard

"@redux-saga/delay-p@npm:^1.2.1":
  version: 1.2.1
  resolution: "@redux-saga/delay-p@npm:1.2.1"
  dependencies:
    "@redux-saga/symbols": "npm:^1.1.3"
  checksum: f68e0f21869699414198941defeaca821bb7a7a6b3704a69013eba270780d410e095f3344723dbc4f27acbb6175b4a9f984f342508a5a02f3b81819b5e3592af
  languageName: node
  linkType: hard

"@redux-saga/is@npm:^1.1.3":
  version: 1.1.3
  resolution: "@redux-saga/is@npm:1.1.3"
  dependencies:
    "@redux-saga/symbols": "npm:^1.1.3"
    "@redux-saga/types": "npm:^1.2.1"
  checksum: 99f6de35e4ab7acac3dc9117370634099e84a2c03fa1e2bb45838594f38b405294065ef53a8598ce64b67d72e3656d52ec204baa68b84b469d69e36a21e7ac36
  languageName: node
  linkType: hard

"@redux-saga/symbols@npm:^1.1.3":
  version: 1.1.3
  resolution: "@redux-saga/symbols@npm:1.1.3"
  checksum: 716a9a8be363ce9ac6b1825a2c0fb8d7576771bedb3f9357c34c441e7604ecd2a14a28a267225035e00953125f28b261067a3f0e3f27721df1d86e48da936c19
  languageName: node
  linkType: hard

"@redux-saga/types@npm:^1.2.1":
  version: 1.2.1
  resolution: "@redux-saga/types@npm:1.2.1"
  checksum: d45f477e7ef9c319e8fb955f0d09cc386edee184447eef3c566047b7867c491291799fe95271d2bc1dd41d224ee6be25c31bc7708d9ffd4f4d4ba1c9df6208e2
  languageName: node
  linkType: hard

"@types/node@npm:^18.11.12":
  version: 18.11.12
  resolution: "@types/node@npm:18.11.12"
  checksum: 4b12f985ea2509f389f5d318677939b9d59bb3e03977512ac3e73aaa390c5a9524d1d762d215a6efbc457e7d70697b3dd25f50fe8ad6a0fa3490828a41b2bc9c
  languageName: node
  linkType: hard

"debug@npm:^4.3.4":
  version: 4.3.4
  resolution: "debug@npm:4.3.4"
  dependencies:
    ms: "npm:2.1.2"
  peerDependenciesMeta:
    supports-color:
      optional: true
  checksum: ab50d98b6f2a0e803379e8f789017f4215efd0e085774623e462c691e9f99bfd359a35f7424ff401da3ea58b31f89ceebc9ea35779b4a94f78b0ee3e235b6640
  languageName: node
  linkType: hard

"esbuild-register@npm:^3.4.1":
  version: 3.4.1
  resolution: "esbuild-register@npm:3.4.1"
  dependencies:
    debug: "npm:^4.3.4"
  peerDependencies:
    esbuild: ">=0.12 <1"
  checksum: 0d2e5620146b408df4f9f82e11e74463dd8d8e81a0e617422e0ebe891d2eb6a857419cc7013e990cd89cce3b0258c2e9cb8be8ca85250838b6d191b4c9f827f1
  languageName: node
  linkType: hard

"esbuild@npm:^0.16.3":
  version: 0.16.3
  resolution: "esbuild@npm:0.16.3"
  dependencies:
    "@esbuild/android-arm": "npm:0.16.3"
    "@esbuild/android-arm64": "npm:0.16.3"
    "@esbuild/android-x64": "npm:0.16.3"
    "@esbuild/darwin-arm64": "npm:0.16.3"
    "@esbuild/darwin-x64": "npm:0.16.3"
    "@esbuild/freebsd-arm64": "npm:0.16.3"
    "@esbuild/freebsd-x64": "npm:0.16.3"
    "@esbuild/linux-arm": "npm:0.16.3"
    "@esbuild/linux-arm64": "npm:0.16.3"
    "@esbuild/linux-ia32": "npm:0.16.3"
    "@esbuild/linux-loong64": "npm:0.16.3"
    "@esbuild/linux-mips64el": "npm:0.16.3"
    "@esbuild/linux-ppc64": "npm:0.16.3"
    "@esbuild/linux-riscv64": "npm:0.16.3"
    "@esbuild/linux-s390x": "npm:0.16.3"
    "@esbuild/linux-x64": "npm:0.16.3"
    "@esbuild/netbsd-x64": "npm:0.16.3"
    "@esbuild/openbsd-x64": "npm:0.16.3"
    "@esbuild/sunos-x64": "npm:0.16.3"
    "@esbuild/win32-arm64": "npm:0.16.3"
    "@esbuild/win32-ia32": "npm:0.16.3"
    "@esbuild/win32-x64": "npm:0.16.3"
  dependenciesMeta:
    "@esbuild/android-arm":
      optional: true
    "@esbuild/android-arm64":
      optional: true
    "@esbuild/android-x64":
      optional: true
    "@esbuild/darwin-arm64":
      optional: true
    "@esbuild/darwin-x64":
      optional: true
    "@esbuild/freebsd-arm64":
      optional: true
    "@esbuild/freebsd-x64":
      optional: true
    "@esbuild/linux-arm":
      optional: true
    "@esbuild/linux-arm64":
      optional: true
    "@esbuild/linux-ia32":
      optional: true
    "@esbuild/linux-loong64":
      optional: true
    "@esbuild/linux-mips64el":
      optional: true
    "@esbuild/linux-ppc64":
      optional: true
    "@esbuild/linux-riscv64":
      optional: true
    "@esbuild/linux-s390x":
      optional: true
    "@esbuild/linux-x64":
      optional: true
    "@esbuild/netbsd-x64":
      optional: true
    "@esbuild/openbsd-x64":
      optional: true
    "@esbuild/sunos-x64":
      optional: true
    "@esbuild/win32-arm64":
      optional: true
    "@esbuild/win32-ia32":
      optional: true
    "@esbuild/win32-x64":
      optional: true
  bin:
    esbuild: bin/esbuild
  checksum: b5a256034ff6c1ddefcfa90555ae938c550a1cf0a984dee0a8fa5fa81ce76054b4493703a02fb750711e0c5af2a2a3f393c52f7e2dc505083d9d41982bea1af8
  languageName: node
  linkType: hard

"ip-matching@npm:^2.1.2":
  version: 2.1.2
  resolution: "ip-matching@npm:2.1.2"
  checksum: 1a9e1741a3614fada2fb2df119359e98777748f8a214dac062c4e6d5b64a51dbb4b34300d9a21123a23051fff0a9c2e94166974bbc49cbb638ad117dc49ee82e
  languageName: node
  linkType: hard

"ms@npm:2.1.2":
  version: 2.1.2
  resolution: "ms@npm:2.1.2"
  checksum: 3f46af60a08158f1c77746c06c2f6c7aba7feddafd41335f9baa2d7e0741d7539774aa7d5d1661a7f2b7eed55a7063771297eea016051924dbb04d4c2bf40bcb
  languageName: node
  linkType: hard

"redux-saga@npm:^1.2.1":
  version: 1.2.1
  resolution: "redux-saga@npm:1.2.1"
  dependencies:
    "@redux-saga/core": "npm:^1.2.1"
  checksum: a4e4f0d6df19738f494ca12814d0fc510a26ff25c1f1a810450dc3bbb89a3903870c941f08f465ce1ea2015e2e271e91d923c8e0932f066be9154d95f052ba83
  languageName: node
  linkType: hard

"redux@npm:^4.0.4":
  version: 4.2.0
  resolution: "redux@npm:4.2.0"
  dependencies:
    "@babel/runtime": "npm:^7.9.2"
  checksum: 9239ab43da6a18375b413e128e9b808f28d46cbadfc58a371921396f82efd0187f17e6cd86c01080975c1778304b93a1546d735411067c54b1d81bd9e2e46307
  languageName: node
  linkType: hard

"regenerator-runtime@npm:^0.13.11":
  version: 0.13.11
  resolution: "regenerator-runtime@npm:0.13.11"
  checksum: 0485db63ce47760e28329590cb9f8b208365d076dbf2edaa32e551a7c0451fc6f7557b225268422c960ffa4fbc6ff86d63d6a747aacbf6b10ed6a747b432e3c8
  languageName: node
  linkType: hard

"stream-chain@npm:^2.2.5":
  version: 2.2.5
  resolution: "stream-chain@npm:2.2.5"
  checksum: 8781cec2d1786e566197b0e1126dd4ae8a669f0e658b09d7e2b69b91aeffbe6f88fdf5d5ed36a12fda4f7220f19a941fc23d5a6fef196238ae5a3ad1493ca3ce
  languageName: node
  linkType: hard

"stream-json@npm:^1.7.5":
  version: 1.7.5
  resolution: "stream-json@npm:1.7.5"
  dependencies:
    stream-chain: "npm:^2.2.5"
  checksum: b4146aeb3c56b24fcbaa63324ba4e58f4ad3047a099d3d81ec5f9696bab454e9e327278481de654750bdb37368e909fe20b98ea38a3f21288769d99b2ca7f755
  languageName: node
  linkType: hard

"tailscale-prometheus-sd@workspace:.":
  version: 0.0.0-use.local
  resolution: "tailscale-prometheus-sd@workspace:."
  dependencies:
    "@types/node": "npm:^18.11.12"
    esbuild: "npm:^0.16.3"
    esbuild-register: "npm:^3.4.1"
    ip-matching: "npm:^2.1.2"
    redux-saga: "npm:^1.2.1"
    stream-chain: "npm:^2.2.5"
    stream-json: "npm:^1.7.5"
    typescript: "npm:4.9.1-beta"
  bin:
    tailscale-prometheus-sd: tailscale-prometheus-sd.js
  languageName: unknown
  linkType: soft

"typescript-compare@npm:^0.0.2":
  version: 0.0.2
  resolution: "typescript-compare@npm:0.0.2"
  dependencies:
    typescript-logic: "npm:^0.0.0"
  checksum: c9945b8084819b9bb7aa6a370d570cdc47b7498dc3f1aba16376d4d6f05c3ad7324c5f54903534f30986cfdec90775f281f6769f399aa9d77bcf54300f40cb92
  languageName: node
  linkType: hard

"typescript-logic@npm:^0.0.0":
  version: 0.0.0
  resolution: "typescript-logic@npm:0.0.0"
  checksum: 3b2ed9aeb4a0abc7c422b46d0c09edae5053ddb0723e359b9e2f709655c5c42256cf9db0b390706f4066daaf46252900c95fd21f0b19a97d3e06e311addba219
  languageName: node
  linkType: hard

"typescript-tuple@npm:^2.2.1":
  version: 2.2.1
  resolution: "typescript-tuple@npm:2.2.1"
  dependencies:
    typescript-compare: "npm:^0.0.2"
  checksum: 53f3b380618ef56eb7c58f5cf027baf547416d8ef8145ac0b053e4f61bbef581c0f018393868e4cfa02c281d2250a9b8fd21d12615db992033e100702f4dea61
  languageName: node
  linkType: hard

"typescript@npm:4.9.1-beta":
  version: 4.9.1-beta
  resolution: "typescript@npm:4.9.1-beta"
  bin:
    tsc: bin/tsc
    tsserver: bin/tsserver
  checksum: e024fb9fb4abd95c2b2fa877ec9b3aab833a388690709d2e12aef0a9adc12be95fb2f9410b479a5b3c277c240b026e92e82227a5e4ece1868b57ce5be6f45cef
  languageName: node
  linkType: hard

"typescript@patch:typescript@npm%3A4.9.1-beta#optional!builtin<compat/typescript>":
  version: 4.9.1-beta
  resolution: "typescript@patch:typescript@npm%3A4.9.1-beta#optional!builtin<compat/typescript>::version=4.9.1-beta&hash=7f4d21"
  bin:
    tsc: bin/tsc
    tsserver: bin/tsserver
  checksum: 54c08d930b680d1c892d5ad9e9fb4ba9d8b2c5e94d6cbbafd22112ba7248c113b0f05a48b07a1b5f6a2f6be904d9ec8ce691fe6cb2fdd864401b6437f0ff36c9
  languageName: node
  linkType: hard
